// !$*UTF8*$!
{
	archiveVersion = 1;
	classes = {
	};
	objectVersion = 48;
	objects = {

/* Begin PBXBuildFile section */
		15750E031FF0A77C00E335B2 /* AppDelegate.swift in Sources */ = {isa = PBXBuildFile; fileRef = 15750E021FF0A77C00E335B2 /* AppDelegate.swift */; };
		15750E051FF0A77C00E335B2 /* FirstViewController.swift in Sources */ = {isa = PBXBuildFile; fileRef = 15750E041FF0A77C00E335B2 /* FirstViewController.swift */; };
		15750E071FF0A77C00E335B2 /* SecondViewController.swift in Sources */ = {isa = PBXBuildFile; fileRef = 15750E061FF0A77C00E335B2 /* SecondViewController.swift */; };
		15750E0A1FF0A77C00E335B2 /* Main.storyboard in Resources */ = {isa = PBXBuildFile; fileRef = 15750E081FF0A77C00E335B2 /* Main.storyboard */; };
		15750E0C1FF0A77C00E335B2 /* Assets.xcassets in Resources */ = {isa = PBXBuildFile; fileRef = 15750E0B1FF0A77C00E335B2 /* Assets.xcassets */; };
		15750E0F1FF0A77C00E335B2 /* LaunchScreen.storyboard in Resources */ = {isa = PBXBuildFile; fileRef = 15750E0D1FF0A77C00E335B2 /* LaunchScreen.storyboard */; };
		15750E1A1FF0A77C00E335B2 /* realTimeRidesTests.swift in Sources */ = {isa = PBXBuildFile; fileRef = 15750E191FF0A77C00E335B2 /* realTimeRidesTests.swift */; };
		15750E251FF0A77C00E335B2 /* realTimeRidesUITests.swift in Sources */ = {isa = PBXBuildFile; fileRef = 15750E241FF0A77C00E335B2 /* realTimeRidesUITests.swift */; };
/* End PBXBuildFile section */

/* Begin PBXContainerItemProxy section */
		15750E161FF0A77C00E335B2 /* PBXContainerItemProxy */ = {
			isa = PBXContainerItemProxy;
			containerPortal = 15750DF71FF0A77C00E335B2 /* Project object */;
			proxyType = 1;
			remoteGlobalIDString = 15750DFE1FF0A77C00E335B2;
			remoteInfo = realTimeRides;
		};
		15750E211FF0A77C00E335B2 /* PBXContainerItemProxy */ = {
			isa = PBXContainerItemProxy;
			containerPortal = 15750DF71FF0A77C00E335B2 /* Project object */;
			proxyType = 1;
			remoteGlobalIDString = 15750DFE1FF0A77C00E335B2;
			remoteInfo = realTimeRides;
		};
/* End PBXContainerItemProxy section */

/* Begin PBXFileReference section */
		15750DFF1FF0A77C00E335B2 /* realTimeRides.app */ = {isa = PBXFileReference; explicitFileType = wrapper.application; includeInIndex = 0; path = realTimeRides.app; sourceTree = BUILT_PRODUCTS_DIR; };
		15750E021FF0A77C00E335B2 /* AppDelegate.swift */ = {isa = PBXFileReference; lastKnownFileType = sourcecode.swift; path = AppDelegate.swift; sourceTree = "<group>"; };
		15750E041FF0A77C00E335B2 /* FirstViewController.swift */ = {isa = PBXFileReference; lastKnownFileType = sourcecode.swift; path = FirstViewController.swift; sourceTree = "<group>"; };
		15750E061FF0A77C00E335B2 /* SecondViewController.swift */ = {isa = PBXFileReference; lastKnownFileType = sourcecode.swift; path = SecondViewController.swift; sourceTree = "<group>"; };
		15750E091FF0A77C00E335B2 /* Base */ = {isa = PBXFileReference; lastKnownFileType = file.storyboard; name = Base; path = Base.lproj/Main.storyboard; sourceTree = "<group>"; };
		15750E0B1FF0A77C00E335B2 /* Assets.xcassets */ = {isa = PBXFileReference; lastKnownFileType = folder.assetcatalog; path = Assets.xcassets; sourceTree = "<group>"; };
		15750E0E1FF0A77C00E335B2 /* Base */ = {isa = PBXFileReference; lastKnownFileType = file.storyboard; name = Base; path = Base.lproj/LaunchScreen.storyboard; sourceTree = "<group>"; };
		15750E101FF0A77C00E335B2 /* Info.plist */ = {isa = PBXFileReference; lastKnownFileType = text.plist.xml; path = Info.plist; sourceTree = "<group>"; };
		15750E151FF0A77C00E335B2 /* realTimeRidesTests.xctest */ = {isa = PBXFileReference; explicitFileType = wrapper.cfbundle; includeInIndex = 0; path = realTimeRidesTests.xctest; sourceTree = BUILT_PRODUCTS_DIR; };
		15750E191FF0A77C00E335B2 /* realTimeRidesTests.swift */ = {isa = PBXFileReference; lastKnownFileType = sourcecode.swift; path = realTimeRidesTests.swift; sourceTree = "<group>"; };
		15750E1B1FF0A77C00E335B2 /* Info.plist */ = {isa = PBXFileReference; lastKnownFileType = text.plist.xml; path = Info.plist; sourceTree = "<group>"; };
		15750E201FF0A77C00E335B2 /* realTimeRidesUITests.xctest */ = {isa = PBXFileReference; explicitFileType = wrapper.cfbundle; includeInIndex = 0; path = realTimeRidesUITests.xctest; sourceTree = BUILT_PRODUCTS_DIR; };
		15750E241FF0A77C00E335B2 /* realTimeRidesUITests.swift */ = {isa = PBXFileReference; lastKnownFileType = sourcecode.swift; path = realTimeRidesUITests.swift; sourceTree = "<group>"; };
		15750E261FF0A77C00E335B2 /* Info.plist */ = {isa = PBXFileReference; lastKnownFileType = text.plist.xml; path = Info.plist; sourceTree = "<group>"; };
/* End PBXFileReference section */

/* Begin PBXFrameworksBuildPhase section */
		15750DFC1FF0A77C00E335B2 /* Frameworks */ = {
			isa = PBXFrameworksBuildPhase;
			buildActionMask = 2147483647;
			files = (
			);
			runOnlyForDeploymentPostprocessing = 0;
		};
		15750E121FF0A77C00E335B2 /* Frameworks */ = {
			isa = PBXFrameworksBuildPhase;
			buildActionMask = 2147483647;
			files = (
			);
			runOnlyForDeploymentPostprocessing = 0;
		};
		15750E1D1FF0A77C00E335B2 /* Frameworks */ = {
			isa = PBXFrameworksBuildPhase;
			buildActionMask = 2147483647;
			files = (
			);
			runOnlyForDeploymentPostprocessing = 0;
		};
/* End PBXFrameworksBuildPhase section */

/* Begin PBXGroup section */
		15750DF61FF0A77C00E335B2 = {
			isa = PBXGroup;
			children = (
				15750E011FF0A77C00E335B2 /* realTimeRides */,
				15750E181FF0A77C00E335B2 /* realTimeRidesTests */,
				15750E231FF0A77C00E335B2 /* realTimeRidesUITests */,
				15750E001FF0A77C00E335B2 /* Products */,
			);
			sourceTree = "<group>";
		};
		15750E001FF0A77C00E335B2 /* Products */ = {
			isa = PBXGroup;
			children = (
				15750DFF1FF0A77C00E335B2 /* realTimeRides.app */,
				15750E151FF0A77C00E335B2 /* realTimeRidesTests.xctest */,
				15750E201FF0A77C00E335B2 /* realTimeRidesUITests.xctest */,
			);
			name = Products;
			sourceTree = "<group>";
		};
		15750E011FF0A77C00E335B2 /* realTimeRides */ = {
			isa = PBXGroup;
			children = (
				15750E021FF0A77C00E335B2 /* AppDelegate.swift */,
				15750E041FF0A77C00E335B2 /* FirstViewController.swift */,
				15750E061FF0A77C00E335B2 /* SecondViewController.swift */,
				15750E081FF0A77C00E335B2 /* Main.storyboard */,
				15750E0B1FF0A77C00E335B2 /* Assets.xcassets */,
				15750E0D1FF0A77C00E335B2 /* LaunchScreen.storyboard */,
				15750E101FF0A77C00E335B2 /* Info.plist */,
			);
			path = realTimeRides;
			sourceTree = "<group>";
		};
		15750E181FF0A77C00E335B2 /* realTimeRidesTests */ = {
			isa = PBXGroup;
			children = (
				15750E191FF0A77C00E335B2 /* realTimeRidesTests.swift */,
				15750E1B1FF0A77C00E335B2 /* Info.plist */,
			);
			path = realTimeRidesTests;
			sourceTree = "<group>";
		};
		15750E231FF0A77C00E335B2 /* realTimeRidesUITests */ = {
			isa = PBXGroup;
			children = (
				15750E241FF0A77C00E335B2 /* realTimeRidesUITests.swift */,
				15750E261FF0A77C00E335B2 /* Info.plist */,
			);
			path = realTimeRidesUITests;
			sourceTree = "<group>";
		};
/* End PBXGroup section */

/* Begin PBXNativeTarget section */
		15750DFE1FF0A77C00E335B2 /* realTimeRides */ = {
			isa = PBXNativeTarget;
			buildConfigurationList = 15750E291FF0A77C00E335B2 /* Build configuration list for PBXNativeTarget "realTimeRides" */;
			buildPhases = (
				15750DFB1FF0A77C00E335B2 /* Sources */,
				15750DFC1FF0A77C00E335B2 /* Frameworks */,
				15750DFD1FF0A77C00E335B2 /* Resources */,
			);
			buildRules = (
			);
			dependencies = (
			);
			name = realTimeRides;
			productName = realTimeRides;
			productReference = 15750DFF1FF0A77C00E335B2 /* realTimeRides.app */;
			productType = "com.apple.product-type.application";
		};
		15750E141FF0A77C00E335B2 /* realTimeRidesTests */ = {
			isa = PBXNativeTarget;
			buildConfigurationList = 15750E2C1FF0A77C00E335B2 /* Build configuration list for PBXNativeTarget "realTimeRidesTests" */;
			buildPhases = (
				15750E111FF0A77C00E335B2 /* Sources */,
				15750E121FF0A77C00E335B2 /* Frameworks */,
				15750E131FF0A77C00E335B2 /* Resources */,
			);
			buildRules = (
			);
			dependencies = (
				15750E171FF0A77C00E335B2 /* PBXTargetDependency */,
			);
			name = realTimeRidesTests;
			productName = realTimeRidesTests;
			productReference = 15750E151FF0A77C00E335B2 /* realTimeRidesTests.xctest */;
			productType = "com.apple.product-type.bundle.unit-test";
		};
		15750E1F1FF0A77C00E335B2 /* realTimeRidesUITests */ = {
			isa = PBXNativeTarget;
			buildConfigurationList = 15750E2F1FF0A77C00E335B2 /* Build configuration list for PBXNativeTarget "realTimeRidesUITests" */;
			buildPhases = (
				15750E1C1FF0A77C00E335B2 /* Sources */,
				15750E1D1FF0A77C00E335B2 /* Frameworks */,
				15750E1E1FF0A77C00E335B2 /* Resources */,
			);
			buildRules = (
			);
			dependencies = (
				15750E221FF0A77C00E335B2 /* PBXTargetDependency */,
			);
			name = realTimeRidesUITests;
			productName = realTimeRidesUITests;
			productReference = 15750E201FF0A77C00E335B2 /* realTimeRidesUITests.xctest */;
			productType = "com.apple.product-type.bundle.ui-testing";
		};
/* End PBXNativeTarget section */

/* Begin PBXProject section */
		15750DF71FF0A77C00E335B2 /* Project object */ = {
			isa = PBXProject;
			attributes = {
				LastSwiftUpdateCheck = 0920;
				LastUpgradeCheck = 0920;
				ORGANIZATIONNAME = VictorLuc;
				TargetAttributes = {
					15750DFE1FF0A77C00E335B2 = {
						CreatedOnToolsVersion = 9.2;
						ProvisioningStyle = Automatic;
					};
					15750E141FF0A77C00E335B2 = {
						CreatedOnToolsVersion = 9.2;
						ProvisioningStyle = Automatic;
						TestTargetID = 15750DFE1FF0A77C00E335B2;
					};
					15750E1F1FF0A77C00E335B2 = {
						CreatedOnToolsVersion = 9.2;
						ProvisioningStyle = Automatic;
						TestTargetID = 15750DFE1FF0A77C00E335B2;
					};
				};
			};
			buildConfigurationList = 15750DFA1FF0A77C00E335B2 /* Build configuration list for PBXProject "realTimeRides" */;
			compatibilityVersion = "Xcode 8.0";
			developmentRegion = en;
			hasScannedForEncodings = 0;
			knownRegions = (
				en,
				Base,
			);
			mainGroup = 15750DF61FF0A77C00E335B2;
			productRefGroup = 15750E001FF0A77C00E335B2 /* Products */;
			projectDirPath = "";
			projectRoot = "";
			targets = (
				15750DFE1FF0A77C00E335B2 /* realTimeRides */,
				15750E141FF0A77C00E335B2 /* realTimeRidesTests */,
				15750E1F1FF0A77C00E335B2 /* realTimeRidesUITests */,
			);
		};
/* End PBXProject section */

/* Begin PBXResourcesBuildPhase section */
		15750DFD1FF0A77C00E335B2 /* Resources */ = {
			isa = PBXResourcesBuildPhase;
			buildActionMask = 2147483647;
			files = (
				15750E0F1FF0A77C00E335B2 /* LaunchScreen.storyboard in Resources */,
				15750E0C1FF0A77C00E335B2 /* Assets.xcassets in Resources */,
				15750E0A1FF0A77C00E335B2 /* Main.storyboard in Resources */,
			);
			runOnlyForDeploymentPostprocessing = 0;
		};
		15750E131FF0A77C00E335B2 /* Resources */ = {
			isa = PBXResourcesBuildPhase;
			buildActionMask = 2147483647;
			files = (
			);
			runOnlyForDeploymentPostprocessing = 0;
		};
		15750E1E1FF0A77C00E335B2 /* Resources */ = {
			isa = PBXResourcesBuildPhase;
			buildActionMask = 2147483647;
			files = (
			);
			runOnlyForDeploymentPostprocessing = 0;
		};
/* End PBXResourcesBuildPhase section */

/* Begin PBXSourcesBuildPhase section */
		15750DFB1FF0A77C00E335B2 /* Sources */ = {
			isa = PBXSourcesBuildPhase;
			buildActionMask = 2147483647;
			files = (
				15750E071FF0A77C00E335B2 /* SecondViewController.swift in Sources */,
				15750E031FF0A77C00E335B2 /* AppDelegate.swift in Sources */,
				15750E051FF0A77C00E335B2 /* FirstViewController.swift in Sources */,
			);
			runOnlyForDeploymentPostprocessing = 0;
		};
		15750E111FF0A77C00E335B2 /* Sources */ = {
			isa = PBXSourcesBuildPhase;
			buildActionMask = 2147483647;
			files = (
				15750E1A1FF0A77C00E335B2 /* realTimeRidesTests.swift in Sources */,
			);
			runOnlyForDeploymentPostprocessing = 0;
		};
		15750E1C1FF0A77C00E335B2 /* Sources */ = {
			isa = PBXSourcesBuildPhase;
			buildActionMask = 2147483647;
			files = (
				15750E251FF0A77C00E335B2 /* realTimeRidesUITests.swift in Sources */,
			);
			runOnlyForDeploymentPostprocessing = 0;
		};
/* End PBXSourcesBuildPhase section */

/* Begin PBXTargetDependency section */
		15750E171FF0A77C00E335B2 /* PBXTargetDependency */ = {
			isa = PBXTargetDependency;
			target = 15750DFE1FF0A77C00E335B2 /* realTimeRides */;
			targetProxy = 15750E161FF0A77C00E335B2 /* PBXContainerItemProxy */;
		};
		15750E221FF0A77C00E335B2 /* PBXTargetDependency */ = {
			isa = PBXTargetDependency;
			target = 15750DFE1FF0A77C00E335B2 /* realTimeRides */;
			targetProxy = 15750E211FF0A77C00E335B2 /* PBXContainerItemProxy */;
		};
/* End PBXTargetDependency section */

/* Begin PBXVariantGroup section */
		15750E081FF0A77C00E335B2 /* Main.storyboard */ = {
			isa = PBXVariantGroup;
			children = (
				15750E091FF0A77C00E335B2 /* Base */,
			);
			name = Main.storyboard;
			sourceTree = "<group>";
		};
		15750E0D1FF0A77C00E335B2 /* LaunchScreen.storyboard */ = {
			isa = PBXVariantGroup;
			children = (
				15750E0E1FF0A77C00E335B2 /* Base */,
			);
			name = LaunchScreen.storyboard;
			sourceTree = "<group>";
		};
/* End PBXVariantGroup section */

/* Begin XCBuildConfiguration section */
		15750E271FF0A77C00E335B2 /* Debug */ = {
			isa = XCBuildConfiguration;
			buildSettings = {
				ALWAYS_SEARCH_USER_PATHS = NO;
				CLANG_ANALYZER_NONNULL = YES;
				CLANG_ANALYZER_NUMBER_OBJECT_CONVERSION = YES_AGGRESSIVE;
				CLANG_CXX_LANGUAGE_STANDARD = "gnu++14";
				CLANG_CXX_LIBRARY = "libc++";
				CLANG_ENABLE_MODULES = YES;
				CLANG_ENABLE_OBJC_ARC = YES;
				CLANG_WARN_BLOCK_CAPTURE_AUTORELEASING = YES;
				CLANG_WARN_BOOL_CONVERSION = YES;
				CLANG_WARN_COMMA = YES;
				CLANG_WARN_CONSTANT_CONVERSION = YES;
				CLANG_WARN_DIRECT_OBJC_ISA_USAGE = YES_ERROR;
				CLANG_WARN_DOCUMENTATION_COMMENTS = YES;
				CLANG_WARN_EMPTY_BODY = YES;
				CLANG_WARN_ENUM_CONVERSION = YES;
				CLANG_WARN_INFINITE_RECURSION = YES;
				CLANG_WARN_INT_CONVERSION = YES;
				CLANG_WARN_NON_LITERAL_NULL_CONVERSION = YES;
				CLANG_WARN_OBJC_LITERAL_CONVERSION = YES;
				CLANG_WARN_OBJC_ROOT_CLASS = YES_ERROR;
				CLANG_WARN_RANGE_LOOP_ANALYSIS = YES;
				CLANG_WARN_STRICT_PROTOTYPES = YES;
				CLANG_WARN_SUSPICIOUS_MOVE = YES;
				CLANG_WARN_UNGUARDED_AVAILABILITY = YES_AGGRESSIVE;
				CLANG_WARN_UNREACHABLE_CODE = YES;
				CLANG_WARN__DUPLICATE_METHOD_MATCH = YES;
				CODE_SIGN_IDENTITY = "iPhone Developer";
				COPY_PHASE_STRIP = NO;
				DEBUG_INFORMATION_FORMAT = dwarf;
				ENABLE_STRICT_OBJC_MSGSEND = YES;
				ENABLE_TESTABILITY = YES;
				GCC_C_LANGUAGE_STANDARD = gnu11;
				GCC_DYNAMIC_NO_PIC = NO;
				GCC_NO_COMMON_BLOCKS = YES;
				GCC_OPTIMIZATION_LEVEL = 0;
				GCC_PREPROCESSOR_DEFINITIONS = (
					"DEBUG=1",
					"$(inherited)",
				);
				GCC_WARN_64_TO_32_BIT_CONVERSION = YES;
				GCC_WARN_ABOUT_RETURN_TYPE = YES_ERROR;
				GCC_WARN_UNDECLARED_SELECTOR = YES;
				GCC_WARN_UNINITIALIZED_AUTOS = YES_AGGRESSIVE;
				GCC_WARN_UNUSED_FUNCTION = YES;
				GCC_WARN_UNUSED_VARIABLE = YES;
				IPHONEOS_DEPLOYMENT_TARGET = 11.2;
				MTL_ENABLE_DEBUG_INFO = YES;
				ONLY_ACTIVE_ARCH = YES;
				SDKROOT = iphoneos;
				SWIFT_ACTIVE_COMPILATION_CONDITIONS = DEBUG;
				SWIFT_OPTIMIZATION_LEVEL = "-Onone";
			};
			name = Debug;
		};
		15750E281FF0A77C00E335B2 /* Release */ = {
			isa = XCBuildConfiguration;
			buildSettings = {
				ALWAYS_SEARCH_USER_PATHS = NO;
				CLANG_ANALYZER_NONNULL = YES;
				CLANG_ANALYZER_NUMBER_OBJECT_CONVERSION = YES_AGGRESSIVE;
				CLANG_CXX_LANGUAGE_STANDARD = "gnu++14";
				CLANG_CXX_LIBRARY = "libc++";
				CLANG_ENABLE_MODULES = YES;
				CLANG_ENABLE_OBJC_ARC = YES;
				CLANG_WARN_BLOCK_CAPTURE_AUTORELEASING = YES;
				CLANG_WARN_BOOL_CONVERSION = YES;
				CLANG_WARN_COMMA = YES;
				CLANG_WARN_CONSTANT_CONVERSION = YES;
				CLANG_WARN_DIRECT_OBJC_ISA_USAGE = YES_ERROR;
				CLANG_WARN_DOCUMENTATION_COMMENTS = YES;
				CLANG_WARN_EMPTY_BODY = YES;
				CLANG_WARN_ENUM_CONVERSION = YES;
				CLANG_WARN_INFINITE_RECURSION = YES;
				CLANG_WARN_INT_CONVERSION = YES;
				CLANG_WARN_NON_LITERAL_NULL_CONVERSION = YES;
				CLANG_WARN_OBJC_LITERAL_CONVERSION = YES;
				CLANG_WARN_OBJC_ROOT_CLASS = YES_ERROR;
				CLANG_WARN_RANGE_LOOP_ANALYSIS = YES;
				CLANG_WARN_STRICT_PROTOTYPES = YES;
				CLANG_WARN_SUSPICIOUS_MOVE = YES;
				CLANG_WARN_UNGUARDED_AVAILABILITY = YES_AGGRESSIVE;
				CLANG_WARN_UNREACHABLE_CODE = YES;
				CLANG_WARN__DUPLICATE_METHOD_MATCH = YES;
				CODE_SIGN_IDENTITY = "iPhone Developer";
				COPY_PHASE_STRIP = NO;
				DEBUG_INFORMATION_FORMAT = "dwarf-with-dsym";
				ENABLE_NS_ASSERTIONS = NO;
				ENABLE_STRICT_OBJC_MSGSEND = YES;
				GCC_C_LANGUAGE_STANDARD = gnu11;
				GCC_NO_COMMON_BLOCKS = YES;
				GCC_WARN_64_TO_32_BIT_CONVERSION = YES;
				GCC_WARN_ABOUT_RETURN_TYPE = YES_ERROR;
				GCC_WARN_UNDECLARED_SELECTOR = YES;
				GCC_WARN_UNINITIALIZED_AUTOS = YES_AGGRESSIVE;
				GCC_WARN_UNUSED_FUNCTION = YES;
				GCC_WARN_UNUSED_VARIABLE = YES;
				IPHONEOS_DEPLOYMENT_TARGET = 11.2;
				MTL_ENABLE_DEBUG_INFO = NO;
				SDKROOT = iphoneos;
				SWIFT_OPTIMIZATION_LEVEL = "-Owholemodule";
				VALIDATE_PRODUCT = YES;
			};
			name = Release;
		};
		15750E2A1FF0A77C00E335B2 /* Debug */ = {
			isa = XCBuildConfiguration;
			buildSettings = {
				ASSETCATALOG_COMPILER_APPICON_NAME = AppIcon;
				CODE_SIGN_STYLE = Automatic;
				INFOPLIST_FILE = realTimeRides/Info.plist;
				LD_RUNPATH_SEARCH_PATHS = "$(inherited) @executable_path/Frameworks";
				PRODUCT_BUNDLE_IDENTIFIER = com.realtimerides.realTimeRides;
				PRODUCT_NAME = "$(TARGET_NAME)";
				SWIFT_VERSION = 4.0;
				TARGETED_DEVICE_FAMILY = "1,2";
			};
			name = Debug;
		};
		15750E2B1FF0A77C00E335B2 /* Release */ = {
			isa = XCBuildConfiguration;
			buildSettings = {
				ASSETCATALOG_COMPILER_APPICON_NAME = AppIcon;
				CODE_SIGN_STYLE = Automatic;
				INFOPLIST_FILE = realTimeRides/Info.plist;
				LD_RUNPATH_SEARCH_PATHS = "$(inherited) @executable_path/Frameworks";
				PRODUCT_BUNDLE_IDENTIFIER = com.realtimerides.realTimeRides;
				PRODUCT_NAME = "$(TARGET_NAME)";
				SWIFT_VERSION = 4.0;
				TARGETED_DEVICE_FAMILY = "1,2";
			};
			name = Release;
		};
		15750E2D1FF0A77C00E335B2 /* Debug */ = {
			isa = XCBuildConfiguration;
			buildSettings = {
				ALWAYS_EMBED_SWIFT_STANDARD_LIBRARIES = YES;
				BUNDLE_LOADER = "$(TEST_HOST)";
				CODE_SIGN_STYLE = Automatic;
				INFOPLIST_FILE = realTimeRidesTests/Info.plist;
				LD_RUNPATH_SEARCH_PATHS = "$(inherited) @executable_path/Frameworks @loader_path/Frameworks";
				PRODUCT_BUNDLE_IDENTIFIER = com.realtimerides.realTimeRidesTests;
				PRODUCT_NAME = "$(TARGET_NAME)";
				SWIFT_VERSION = 4.0;
				TARGETED_DEVICE_FAMILY = "1,2";
				TEST_HOST = "$(BUILT_PRODUCTS_DIR)/realTimeRides.app/realTimeRides";
			};
			name = Debug;
		};
		15750E2E1FF0A77C00E335B2 /* Release */ = {
			isa = XCBuildConfiguration;
			buildSettings = {
				ALWAYS_EMBED_SWIFT_STANDARD_LIBRARIES = YES;
				BUNDLE_LOADER = "$(TEST_HOST)";
				CODE_SIGN_STYLE = Automatic;
				INFOPLIST_FILE = realTimeRidesTests/Info.plist;
				LD_RUNPATH_SEARCH_PATHS = "$(inherited) @executable_path/Frameworks @loader_path/Frameworks";
				PRODUCT_BUNDLE_IDENTIFIER = com.realtimerides.realTimeRidesTests;
				PRODUCT_NAME = "$(TARGET_NAME)";
				SWIFT_VERSION = 4.0;
				TARGETED_DEVICE_FAMILY = "1,2";
				TEST_HOST = "$(BUILT_PRODUCTS_DIR)/realTimeRides.app/realTimeRides";
			};
			name = Release;
		};
		15750E301FF0A77C00E335B2 /* Debug */ = {
			isa = XCBuildConfiguration;
			buildSettings = {
				ALWAYS_EMBED_SWIFT_STANDARD_LIBRARIES = YES;
				CODE_SIGN_STYLE = Automatic;
				INFOPLIST_FILE = realTimeRidesUITests/Info.plist;
				LD_RUNPATH_SEARCH_PATHS = "$(inherited) @executable_path/Frameworks @loader_path/Frameworks";
				PRODUCT_BUNDLE_IDENTIFIER = com.realtimerides.realTimeRidesUITests;
				PRODUCT_NAME = "$(TARGET_NAME)";
				SWIFT_VERSION = 4.0;
				TARGETED_DEVICE_FAMILY = "1,2";
				TEST_TARGET_NAME = realTimeRides;
			};
			name = Debug;
		};
		15750E311FF0A77C00E335B2 /* Release */ = {
			isa = XCBuildConfiguration;
			buildSettings = {
				ALWAYS_EMBED_SWIFT_STANDARD_LIBRARIES = YES;
				CODE_SIGN_STYLE = Automatic;
				INFOPLIST_FILE = realTimeRidesUITests/Info.plist;
				LD_RUNPATH_SEARCH_PATHS = "$(inherited) @executable_path/Frameworks @loader_path/Frameworks";
				PRODUCT_BUNDLE_IDENTIFIER = com.realtimerides.realTimeRidesUITests;
				PRODUCT_NAME = "$(TARGET_NAME)";
				SWIFT_VERSION = 4.0;
				TARGETED_DEVICE_FAMILY = "1,2";
				TEST_TARGET_NAME = realTimeRides;
			};
			name = Release;
		};
/* End XCBuildConfiguration section */

/* Begin XCConfigurationList section */
		15750DFA1FF0A77C00E335B2 /* Build configuration list for PBXProject "realTimeRides" */ = {
			isa = XCConfigurationList;
			buildConfigurations = (
				15750E271FF0A77C00E335B2 /* Debug */,
				15750E281FF0A77C00E335B2 /* Release */,
			);
			defaultConfigurationIsVisible = 0;
			defaultConfigurationName = Release;
		};
		15750E291FF0A77C00E335B2 /* Build configuration list for PBXNativeTarget "realTimeRides" */ = {
			isa = XCConfigurationList;
			buildConfigurations = (
				15750E2A1FF0A77C00E335B2 /* Debug */,
				15750E2B1FF0A77C00E335B2 /* Release */,
			);
			defaultConfigurationIsVisible = 0;
			defaultConfigurationName = Release;
		};
		15750E2C1FF0A77C00E335B2 /* Build configuration list for PBXNativeTarget "realTimeRidesTests" */ = {
			isa = XCConfigurationList;
			buildConfigurations = (
				15750E2D1FF0A77C00E335B2 /* Debug */,
				15750E2E1FF0A77C00E335B2 /* Release */,
			);
			defaultConfigurationIsVisible = 0;
			defaultConfigurationName = Release;
		};
		15750E2F1FF0A77C00E335B2 /* Build configuration list for PBXNativeTarget "realTimeRidesUITests" */ = {
			isa = XCConfigurationList;
			buildConfigurations = (
				15750E301FF0A77C00E335B2 /* Debug */,
				15750E311FF0A77C00E335B2 /* Release */,
			);
			defaultConfigurationIsVisible = 0;
			defaultConfigurationName = Release;
		};
/* End XCConfigurationList section */
	};
	rootObject = 15750DF71FF0A77C00E335B2 /* Project object */;
}
